
Microsoft Visual Studio Solution File, Format Version 12.00
# Visual Studio Version 17
VisualStudioVersion = 17.4.33213.308
MinimumVisualStudioVersion = 10.0.40219.1
Project("{2150E333-8FDC-42A3-9474-1A3956D46DE8}") = "Src", "Src", "{734F9D2F-1429-4CA3-9816-356B3BC33772}"
EndProject
Project("{2150E333-8FDC-42A3-9474-1A3956D46DE8}") = "EndPoint", "EndPoint", "{B59B9372-D316-43C6-9AA4-3F9728BB5DE6}"
EndProject
Project("{2150E333-8FDC-42A3-9474-1A3956D46DE8}") = "Core", "Core", "{9DB86B39-A15E-4213-96AF-9C910FFED28E}"
EndProject
Project("{2150E333-8FDC-42A3-9474-1A3956D46DE8}") = "Infrastructure", "Infrastructure", "{B806EA4C-986C-4FE3-8577-C3B28BB4050B}"
EndProject
Project("{9A19103F-16F7-4668-BE54-9A1E7A4F7556}") = "HexaShop.Domain", "HexaShop.Domain\HexaShop.Domain.csproj", "{BFC16A0B-1362-4EDF-A828-3E131B2A91CA}"
EndProject
Project("{9A19103F-16F7-4668-BE54-9A1E7A4F7556}") = "HexaShop.Application", "HexaShop.Application\HexaShop.Application.csproj", "{657E31E8-3A4D-4B9B-8547-6B7582090967}"
EndProject
Project("{2150E333-8FDC-42A3-9474-1A3956D46DE8}") = "Common", "Common", "{24DDAD3B-118C-46CF-81DA-ECBE727E562D}"
EndProject
Project("{9A19103F-16F7-4668-BE54-9A1E7A4F7556}") = "HexaShop.Common", "HexaShop.Common\HexaShop.Common.csproj", "{CD3F3B9C-8CBD-42A8-8091-658AD3030697}"
EndProject
Project("{9A19103F-16F7-4668-BE54-9A1E7A4F7556}") = "HexaShop.Persistance", "HexaShop.Persistance\HexaShop.Persistance.csproj", "{6F13C376-9C37-49C6-B868-26AA4BBCD033}"
EndProject
Project("{9A19103F-16F7-4668-BE54-9A1E7A4F7556}") = "HexaShop.EndPoint", "HexaShop.EndPoint\HexaShop.EndPoint.csproj", "{60224C04-B208-4C68-A405-704079E51AC5}"
EndProject
Project("{9A19103F-16F7-4668-BE54-9A1E7A4F7556}") = "HexaShop.Infrastructure", "HexaShop.Infrastructure\HexaShop.Infrastructure.csproj", "{906BE673-3BE5-4BD9-A632-DE172D7DC652}"
EndProject
Project("{2150E333-8FDC-42A3-9474-1A3956D46DE8}") = "Solution Items", "Solution Items", "{53930F2A-7662-41AA-897F-B4053E46D783}"
	ProjectSection(SolutionItems) = preProject
		.editorconfig = .editorconfig
	EndProjectSection
EndProject
Global
	GlobalSection(SolutionConfigurationPlatforms) = preSolution
		Debug|Any CPU = Debug|Any CPU
		Release|Any CPU = Release|Any CPU
	EndGlobalSection
	GlobalSection(ProjectConfigurationPlatforms) = postSolution
		{BFC16A0B-1362-4EDF-A828-3E131B2A91CA}.Debug|Any CPU.ActiveCfg = Debug|Any CPU
		{BFC16A0B-1362-4EDF-A828-3E131B2A91CA}.Debug|Any CPU.Build.0 = Debug|Any CPU
		{BFC16A0B-1362-4EDF-A828-3E131B2A91CA}.Release|Any CPU.ActiveCfg = Release|Any CPU
		{BFC16A0B-1362-4EDF-A828-3E131B2A91CA}.Release|Any CPU.Build.0 = Release|Any CPU
		{657E31E8-3A4D-4B9B-8547-6B7582090967}.Debug|Any CPU.ActiveCfg = Debug|Any CPU
		{657E31E8-3A4D-4B9B-8547-6B7582090967}.Debug|Any CPU.Build.0 = Debug|Any CPU
		{657E31E8-3A4D-4B9B-8547-6B7582090967}.Release|Any CPU.ActiveCfg = Release|Any CPU
		{657E31E8-3A4D-4B9B-8547-6B7582090967}.Release|Any CPU.Build.0 = Release|Any CPU
		{CD3F3B9C-8CBD-42A8-8091-658AD3030697}.Debug|Any CPU.ActiveCfg = Debug|Any CPU
		{CD3F3B9C-8CBD-42A8-8091-658AD3030697}.Debug|Any CPU.Build.0 = Debug|Any CPU
		{CD3F3B9C-8CBD-42A8-8091-658AD3030697}.Release|Any CPU.ActiveCfg = Release|Any CPU
		{CD3F3B9C-8CBD-42A8-8091-658AD3030697}.Release|Any CPU.Build.0 = Release|Any CPU
		{6F13C376-9C37-49C6-B868-26AA4BBCD033}.Debug|Any CPU.ActiveCfg = Debug|Any CPU
		{6F13C376-9C37-49C6-B868-26AA4BBCD033}.Debug|Any CPU.Build.0 = Debug|Any CPU
		{6F13C376-9C37-49C6-B868-26AA4BBCD033}.Release|Any CPU.ActiveCfg = Release|Any CPU
		{6F13C376-9C37-49C6-B868-26AA4BBCD033}.Release|Any CPU.Build.0 = Release|Any CPU
		{60224C04-B208-4C68-A405-704079E51AC5}.Debug|Any CPU.ActiveCfg = Debug|Any CPU
		{60224C04-B208-4C68-A405-704079E51AC5}.Debug|Any CPU.Build.0 = Debug|Any CPU
		{60224C04-B208-4C68-A405-704079E51AC5}.Release|Any CPU.ActiveCfg = Release|Any CPU
		{60224C04-B208-4C68-A405-704079E51AC5}.Release|Any CPU.Build.0 = Release|Any CPU
		{906BE673-3BE5-4BD9-A632-DE172D7DC652}.Debug|Any CPU.ActiveCfg = Debug|Any CPU
		{906BE673-3BE5-4BD9-A632-DE172D7DC652}.Debug|Any CPU.Build.0 = Debug|Any CPU
		{906BE673-3BE5-4BD9-A632-DE172D7DC652}.Release|Any CPU.ActiveCfg = Release|Any CPU
		{906BE673-3BE5-4BD9-A632-DE172D7DC652}.Release|Any CPU.Build.0 = Release|Any CPU
	EndGlobalSection
	GlobalSection(SolutionProperties) = preSolution
		HideSolutionNode = FALSE
	EndGlobalSection
	GlobalSection(NestedProjects) = preSolution
		{B59B9372-D316-43C6-9AA4-3F9728BB5DE6} = {734F9D2F-1429-4CA3-9816-356B3BC33772}
		{9DB86B39-A15E-4213-96AF-9C910FFED28E} = {734F9D2F-1429-4CA3-9816-356B3BC33772}
		{B806EA4C-986C-4FE3-8577-C3B28BB4050B} = {734F9D2F-1429-4CA3-9816-356B3BC33772}
		{BFC16A0B-1362-4EDF-A828-3E131B2A91CA} = {9DB86B39-A15E-4213-96AF-9C910FFED28E}
		{657E31E8-3A4D-4B9B-8547-6B7582090967} = {9DB86B39-A15E-4213-96AF-9C910FFED28E}
		{24DDAD3B-118C-46CF-81DA-ECBE727E562D} = {734F9D2F-1429-4CA3-9816-356B3BC33772}
		{CD3F3B9C-8CBD-42A8-8091-658AD3030697} = {24DDAD3B-118C-46CF-81DA-ECBE727E562D}
		{6F13C376-9C37-49C6-B868-26AA4BBCD033} = {B806EA4C-986C-4FE3-8577-C3B28BB4050B}
		{60224C04-B208-4C68-A405-704079E51AC5} = {B59B9372-D316-43C6-9AA4-3F9728BB5DE6}
		{906BE673-3BE5-4BD9-A632-DE172D7DC652} = {B806EA4C-986C-4FE3-8577-C3B28BB4050B}
	EndGlobalSection
	GlobalSection(ExtensibilityGlobals) = postSolution
		SolutionGuid = {EB2EE65E-14F8-4FDD-8D2F-234D2B821B46}
	EndGlobalSection
EndGlobal
